
Microsoft Visual Studio Solution File, Format Version 11.00
# Visual Studio 2010
# SharpDevelop 5.1
Project("{FAE04EC0-301F-11D3-BF4B-00C04F79EFBC}") = "JogoDePerguntas", "JogoDePerguntas\JogoDePerguntas.csproj", "{D47C546E-7489-491F-B187-65AF37D8FAA3}"
EndProject
Global
	GlobalSection(SolutionConfigurationPlatforms) = preSolution
		Debug|Any CPU = Debug|Any CPU
		Release|Any CPU = Release|Any CPU
	EndGlobalSection
	GlobalSection(ProjectConfigurationPlatforms) = postSolution
		{D47C546E-7489-491F-B187-65AF37D8FAA3}.Debug|Any CPU.ActiveCfg = Debug|Any CPU
		{D47C546E-7489-491F-B187-65AF37D8FAA3}.Debug|Any CPU.Build.0 = Debug|Any CPU
		{D47C546E-7489-491F-B187-65AF37D8FAA3}.Release|Any CPU.ActiveCfg = Release|Any CPU
		{D47C546E-7489-491F-B187-65AF37D8FAA3}.Release|Any CPU.Build.0 = Release|Any CPU
	EndGlobalSection
EndGlobal
